
Microsoft Visual Studio Solution File, Format Version 12.00
# Visual Studio Version 16
VisualStudioVersion = 16.0.30204.135
MinimumVisualStudioVersion = 10.0.40219.1
Project("{9A19103F-16F7-4668-BE54-9A1E7A4F7556}") = "VivHelper", "VivHelper.csproj", "{A4558B8C-AECA-4B23-ADBF-8395CBA8BA83}"
EndProject
Project("{2150E333-8FDC-42A3-9474-1A3956D46DE8}") = "Solution Items", "Solution Items", "{07C76397-6D6C-422C-A5A7-507B64E63D4C}"
	ProjectSection(SolutionItems) = preProject
		.editorconfig = .editorconfig
	EndProjectSection
EndProject
Global
	GlobalSection(SolutionConfigurationPlatforms) = preSolution
		Debug|Any CPU = Debug|Any CPU
		Release|Any CPU = Release|Any CPU
	EndGlobalSection
	GlobalSection(ProjectConfigurationPlatforms) = postSolution
		{A4558B8C-AECA-4B23-ADBF-8395CBA8BA83}.Debug|Any CPU.ActiveCfg = Debug|Any CPU
		{A4558B8C-AECA-4B23-ADBF-8395CBA8BA83}.Debug|Any CPU.Build.0 = Debug|Any CPU
		{A4558B8C-AECA-4B23-ADBF-8395CBA8BA83}.Release|Any CPU.ActiveCfg = Release|Any CPU
		{A4558B8C-AECA-4B23-ADBF-8395CBA8BA83}.Release|Any CPU.Build.0 = Release|Any CPU
	EndGlobalSection
	GlobalSection(SolutionProperties) = preSolution
		HideSolutionNode = FALSE
	EndGlobalSection
	GlobalSection(ExtensibilityGlobals) = postSolution
		SolutionGuid = {D5BF2837-D2E4-404C-B4DD-57C7B8488076}
	EndGlobalSection
EndGlobal
